
Microsoft Visual Studio Solution File, Format Version 12.00
# Visual Studio Version 17
VisualStudioVersion = 17.13.35919.96 d17.13
MinimumVisualStudioVersion = 10.0.40219.1
Project("{FAE04EC0-301F-11D3-BF4B-00C04F79EFBC}") = "BasicCalculator_library", "BasicCalculator_library\BasicCalculator_library.csproj", "{BA75D12D-281B-4925-B10C-0C8BBCE2B786}"
EndProject
Global
	GlobalSection(SolutionConfigurationPlatforms) = preSolution
		Debug|Any CPU = Debug|Any CPU
		Release|Any CPU = Release|Any CPU
	EndGlobalSection
	GlobalSection(ProjectConfigurationPlatforms) = postSolution
		{BA75D12D-281B-4925-B10C-0C8BBCE2B786}.Debug|Any CPU.ActiveCfg = Debug|Any CPU
		{BA75D12D-281B-4925-B10C-0C8BBCE2B786}.Debug|Any CPU.Build.0 = Debug|Any CPU
		{BA75D12D-281B-4925-B10C-0C8BBCE2B786}.Release|Any CPU.ActiveCfg = Release|Any CPU
		{BA75D12D-281B-4925-B10C-0C8BBCE2B786}.Release|Any CPU.Build.0 = Release|Any CPU
	EndGlobalSection
	GlobalSection(SolutionProperties) = preSolution
		HideSolutionNode = FALSE
	EndGlobalSection
	GlobalSection(ExtensibilityGlobals) = postSolution
		SolutionGuid = {18A1DE42-8B8C-4E81-B29C-C90F91BCF8AA}
	EndGlobalSection
EndGlobal
